
Microsoft Visual Studio Solution File, Format Version 12.00
# Visual Studio Version 16
VisualStudioVersion = 16.0.31005.135
MinimumVisualStudioVersion = 10.0.40219.1
Project("{9A19103F-16F7-4668-BE54-9A1E7A4F7556}") = "MultiSignalBlazorApp50.Server", "MultiSignalBlazorApp50\Server\MultiSignalBlazorApp50.Server.csproj", "{A6CFAB6C-73EC-4DF1-8686-7EC22ECAECAD}"
EndProject
Project("{9A19103F-16F7-4668-BE54-9A1E7A4F7556}") = "MultiSignalBlazorApp50.Client", "MultiSignalBlazorApp50\Client\MultiSignalBlazorApp50.Client.csproj", "{C15BD54B-EA4D-4003-B238-B31162F406B8}"
EndProject
Global
	GlobalSection(SolutionConfigurationPlatforms) = preSolution
		Debug|Any CPU = Debug|Any CPU
		Release|Any CPU = Release|Any CPU
	EndGlobalSection
	GlobalSection(ProjectConfigurationPlatforms) = postSolution
		{A6CFAB6C-73EC-4DF1-8686-7EC22ECAECAD}.Debug|Any CPU.ActiveCfg = Debug|Any CPU
		{A6CFAB6C-73EC-4DF1-8686-7EC22ECAECAD}.Debug|Any CPU.Build.0 = Debug|Any CPU
		{A6CFAB6C-73EC-4DF1-8686-7EC22ECAECAD}.Release|Any CPU.ActiveCfg = Release|Any CPU
		{A6CFAB6C-73EC-4DF1-8686-7EC22ECAECAD}.Release|Any CPU.Build.0 = Release|Any CPU
		{C15BD54B-EA4D-4003-B238-B31162F406B8}.Debug|Any CPU.ActiveCfg = Debug|Any CPU
		{C15BD54B-EA4D-4003-B238-B31162F406B8}.Debug|Any CPU.Build.0 = Debug|Any CPU
		{C15BD54B-EA4D-4003-B238-B31162F406B8}.Release|Any CPU.ActiveCfg = Release|Any CPU
		{C15BD54B-EA4D-4003-B238-B31162F406B8}.Release|Any CPU.Build.0 = Release|Any CPU
	EndGlobalSection
	GlobalSection(SolutionProperties) = preSolution
		HideSolutionNode = FALSE
	EndGlobalSection
	GlobalSection(ExtensibilityGlobals) = postSolution
		SolutionGuid = {7BABACFA-F64A-45D7-AD8B-1A65F895E1DA}
	EndGlobalSection
EndGlobal
